
Microsoft Visual Studio Solution File, Format Version 12.00
# Visual Studio Version 17
VisualStudioVersion = 17.14.36109.1 d17.14
MinimumVisualStudioVersion = 10.0.40219.1
Project("{FAE04EC0-301F-11D3-BF4B-00C04F79EFBC}") = "zuHause", "zuHause\zuHause.csproj", "{7E1A8C87-243F-48D8-8212-72BAD9C2BD0A}"
EndProject
Global
	GlobalSection(SolutionConfigurationPlatforms) = preSolution
		Debug|Any CPU = Debug|Any CPU
		Release|Any CPU = Release|Any CPU
	EndGlobalSection
	GlobalSection(ProjectConfigurationPlatforms) = postSolution
		{7E1A8C87-243F-48D8-8212-72BAD9C2BD0A}.Debug|Any CPU.ActiveCfg = Debug|Any CPU
		{7E1A8C87-243F-48D8-8212-72BAD9C2BD0A}.Debug|Any CPU.Build.0 = Debug|Any CPU
		{7E1A8C87-243F-48D8-8212-72BAD9C2BD0A}.Release|Any CPU.ActiveCfg = Release|Any CPU
		{7E1A8C87-243F-48D8-8212-72BAD9C2BD0A}.Release|Any CPU.Build.0 = Release|Any CPU
	EndGlobalSection
	GlobalSection(SolutionProperties) = preSolution
		HideSolutionNode = FALSE
	EndGlobalSection
	GlobalSection(ExtensibilityGlobals) = postSolution
		SolutionGuid = {EA422417-7976-483B-9A45-005A6078C24B}
	EndGlobalSection
EndGlobal
